Microsoft Visual Studio Solution File, Format Version 11.00
# Visual Studio 2010
Project("{FAE04EC0-301F-11D3-BF4B-00C04F79EFBC}") = "DevExpress.Xpf.Themes.WhiteAndBlue.ThemeEditor", "DevExpress.Xpf.Themes.WhiteAndBlue.ThemeEditor.csproj", "{B2159EB7-626D-412F-89A2-AC7CDC9DC38F}"
EndProject
Global
    GlobalSection(SolutionConfigurationPlatforms) = preSolution
        Debug|Any CPU = Debug|Any CPU
		DebugTest|Any CPU = DebugTest|Any CPU
        Release|Any CPU = Release|Any CPU
    EndGlobalSection
    GlobalSection(ProjectConfigurationPlatforms) = postSolution
        {B2159EB7-626D-412F-89A2-AC7CDC9DC38F}.Debug|Any CPU.ActiveCfg = Debug|Any CPU
        {B2159EB7-626D-412F-89A2-AC7CDC9DC38F}.Debug|Any CPU.Build.0 = Debug|Any CPU
		{B2159EB7-626D-412F-89A2-AC7CDC9DC38F}.DebugTest|Any CPU.ActiveCfg = DebugTest|Any CPU
		{B2159EB7-626D-412F-89A2-AC7CDC9DC38F}.DebugTest|Any CPU.Build.0 = DebugTest|Any CPU
        {B2159EB7-626D-412F-89A2-AC7CDC9DC38F}.Release|Any CPU.ActiveCfg = Release|Any CPU
        {B2159EB7-626D-412F-89A2-AC7CDC9DC38F}.Release|Any CPU.Build.0 = Release|Any CPU
    EndGlobalSection
    GlobalSection(SolutionProperties) = preSolution
        HideSolutionNode = FALSE
    EndGlobalSection
EndGlobal
