
Microsoft Visual Studio Solution File, Format Version 12.00
# Visual Studio 14
VisualStudioVersion = 14.0.25420.1
MinimumVisualStudioVersion = 10.0.40219.1
Project("{FAE04EC0-301F-11D3-BF4B-00C04F79EFBC}") = "GeosRestService", "GeosRestService\GeosRestService.csproj", "{B0639E51-3790-4566-965E-9F0608D5CE9D}"
EndProject
Project("{FAE04EC0-301F-11D3-BF4B-00C04F79EFBC}") = "ServiceTestConsole", "ServiceTestConsole\ServiceTestConsole.csproj", "{45D9A2D7-3376-4E26-9082-562D12373220}"
EndProject
Project("{FAE04EC0-301F-11D3-BF4B-00C04F79EFBC}") = "BusinessLogic", "BusinessLogic\BusinessLogic.csproj", "{BFC74A53-8A40-482F-B69F-99727C91496E}"
EndProject
Project("{FAE04EC0-301F-11D3-BF4B-00C04F79EFBC}") = "Entities", "Entities\Entities.csproj", "{94C77F2A-FA27-4278-9011-D15858D64DC6}"
EndProject
Project("{54435603-DBB4-11D2-8724-00A0C9A8B90C}") = "PowerBiServicesSetup", "PowerBiServicesSetup\PowerBiServicesSetup.vdproj", "{8D432E24-EAE2-44DA-9FBC-A5A20D3797AA}"
EndProject
Global
	GlobalSection(SolutionConfigurationPlatforms) = preSolution
		Debug|Any CPU = Debug|Any CPU
		Release|Any CPU = Release|Any CPU
	EndGlobalSection
	GlobalSection(ProjectConfigurationPlatforms) = postSolution
		{B0639E51-3790-4566-965E-9F0608D5CE9D}.Debug|Any CPU.ActiveCfg = Debug|Any CPU
		{B0639E51-3790-4566-965E-9F0608D5CE9D}.Debug|Any CPU.Build.0 = Debug|Any CPU
		{B0639E51-3790-4566-965E-9F0608D5CE9D}.Release|Any CPU.ActiveCfg = Release|Any CPU
		{B0639E51-3790-4566-965E-9F0608D5CE9D}.Release|Any CPU.Build.0 = Release|Any CPU
		{45D9A2D7-3376-4E26-9082-562D12373220}.Debug|Any CPU.ActiveCfg = Debug|Any CPU
		{45D9A2D7-3376-4E26-9082-562D12373220}.Debug|Any CPU.Build.0 = Debug|Any CPU
		{45D9A2D7-3376-4E26-9082-562D12373220}.Release|Any CPU.ActiveCfg = Release|Any CPU
		{45D9A2D7-3376-4E26-9082-562D12373220}.Release|Any CPU.Build.0 = Release|Any CPU
		{BFC74A53-8A40-482F-B69F-99727C91496E}.Debug|Any CPU.ActiveCfg = Debug|Any CPU
		{BFC74A53-8A40-482F-B69F-99727C91496E}.Debug|Any CPU.Build.0 = Debug|Any CPU
		{BFC74A53-8A40-482F-B69F-99727C91496E}.Release|Any CPU.ActiveCfg = Release|Any CPU
		{BFC74A53-8A40-482F-B69F-99727C91496E}.Release|Any CPU.Build.0 = Release|Any CPU
		{94C77F2A-FA27-4278-9011-D15858D64DC6}.Debug|Any CPU.ActiveCfg = Debug|Any CPU
		{94C77F2A-FA27-4278-9011-D15858D64DC6}.Debug|Any CPU.Build.0 = Debug|Any CPU
		{94C77F2A-FA27-4278-9011-D15858D64DC6}.Release|Any CPU.ActiveCfg = Release|Any CPU
		{94C77F2A-FA27-4278-9011-D15858D64DC6}.Release|Any CPU.Build.0 = Release|Any CPU
		{8D432E24-EAE2-44DA-9FBC-A5A20D3797AA}.Debug|Any CPU.ActiveCfg = Debug
		{8D432E24-EAE2-44DA-9FBC-A5A20D3797AA}.Release|Any CPU.ActiveCfg = Release
	EndGlobalSection
	GlobalSection(SolutionProperties) = preSolution
		HideSolutionNode = FALSE
	EndGlobalSection
EndGlobal
