Microsoft Visual Studio Solution File, Format Version 12.00
# Visual Studio 14
VisualStudioVersion = 14.0.25123.0
MinimumVisualStudioVersion = 10.0.40219.1
Project("{FAE04EC0-301F-11D3-BF4B-00C04F79EFBC}") = "DevExpress.Xpf.Themes.BlackAndBlue", "DevExpress.Xpf.Themes.BlackAndBlue.csproj", "{EE9C1306-D564-4461-B995-70C7175EAAF9}"
EndProject
Global
	GlobalSection(SolutionConfigurationPlatforms) = preSolution
		DebugTest|Any CPU = DebugTest|Any CPU
	EndGlobalSection
	GlobalSection(ProjectConfigurationPlatforms) = postSolution
		{EE9C1306-D564-4461-B995-70C7175EAAF9}.DebugTest|Any CPU.ActiveCfg = Debug|Any CPU
		{EE9C1306-D564-4461-B995-70C7175EAAF9}.DebugTest|Any CPU.Build.0 = Debug|Any CPU
	EndGlobalSection
	GlobalSection(SolutionProperties) = preSolution
		HideSolutionNode = FALSE
	EndGlobalSection
EndGlobal
