
Microsoft Visual Studio Solution File, Format Version 12.00
# Visual Studio 14
VisualStudioVersion = 14.0.25420.1
MinimumVisualStudioVersion = 10.0.40219.1
Project("{2150E333-8FDC-42A3-9474-1A3956D46DE8}") = "Updater", "Updater", "{F3D36D3B-9290-4461-B9CF-420D9583B39B}"
EndProject
Project("{2150E333-8FDC-42A3-9474-1A3956D46DE8}") = "Data", "Data", "{9EF2E3D3-C592-4807-AA7A-0C15FB3D5E12}"
EndProject
Project("{2150E333-8FDC-42A3-9474-1A3956D46DE8}") = "BusinessLogic", "BusinessLogic", "{2A436E18-01A7-4AC5-9ABE-291A8491A074}"
EndProject
Project("{2150E333-8FDC-42A3-9474-1A3956D46DE8}") = "Common", "Common", "{0187F1E9-CA3E-423B-A941-CC113797B9CA}"
EndProject
Project("{2150E333-8FDC-42A3-9474-1A3956D46DE8}") = "DataAccess", "DataAccess", "{A867C097-3892-4EEB-AB72-FE50E36EE562}"
EndProject
Project("{FAE04EC0-301F-11D3-BF4B-00C04F79EFBC}") = "Emdep.Geos.Data.BusinessLogic", "Data\BusinessLogic\Emdep.Geos.Data.BusinessLogic.csproj", "{6FE20A9E-6FA8-4760-85C5-F2AC14CE9438}"
EndProject
Project("{FAE04EC0-301F-11D3-BF4B-00C04F79EFBC}") = "Emdep.Geos.Data.Common", "Data\Common\Emdep.Geos.Data.Common.csproj", "{B5367434-9124-47BA-9FBB-AE26C4100827}"
EndProject
Project("{FAE04EC0-301F-11D3-BF4B-00C04F79EFBC}") = "Emdep.Geos.Data.DataAccess", "Data\DataAccess\Emdep.Geos.Data.DataAccess.csproj", "{7D51DE34-000A-41DF-83E9-20E5DBB733C6}"
EndProject
Project("{2150E333-8FDC-42A3-9474-1A3956D46DE8}") = "Utility", "Utility", "{B9BD865B-F1D9-40CF-B0B6-9222BCD9AA66}"
EndProject
Project("{FAE04EC0-301F-11D3-BF4B-00C04F79EFBC}") = "Emdep.Geos.Utility", "Utility\Emdep.Geos.Utility\Emdep.Geos.Utility.csproj", "{533C80E1-610F-4A90-AA9E-A22E8FE38194}"
EndProject
Project("{2150E333-8FDC-42A3-9474-1A3956D46DE8}") = "UI", "UI", "{329C6281-9DE9-45A3-B425-98D556FD99DD}"
EndProject
Project("{2150E333-8FDC-42A3-9474-1A3956D46DE8}") = "ServiceProcess", "ServiceProcess", "{AFC6D6F0-649B-4216-9165-54DFDB2E7AE6}"
EndProject
Project("{2150E333-8FDC-42A3-9474-1A3956D46DE8}") = "CustomControls", "CustomControls", "{CE3B7F96-641B-446C-ABC3-CDA4B2FF1B9A}"
EndProject
Project("{FAE04EC0-301F-11D3-BF4B-00C04F79EFBC}") = "Emdep.Geos.UI.CustomControls", "UI\CustomControls\Emdep.Geos.UI.CustomControls.csproj", "{9D6FB917-A58F-44C2-9ED3-E39514D87C93}"
EndProject
Project("{FAE04EC0-301F-11D3-BF4B-00C04F79EFBC}") = "Updater", "Updater\Updater.csproj", "{DA2E041A-6800-407C-BB24-AE447139712C}"
EndProject
Project("{2150E333-8FDC-42A3-9474-1A3956D46DE8}") = ".nuget", ".nuget", "{86818762-5585-4CD3-8DEE-AD203D55BCF7}"
	ProjectSection(SolutionItems) = preProject
		.nuget\packages.config = .nuget\packages.config
	EndProjectSection
EndProject
Project("{2150E333-8FDC-42A3-9474-1A3956D46DE8}") = "Workbench", "Workbench", "{1B315217-70DC-4A40-BE76-1B9A156D9D7C}"
EndProject
Project("{FAE04EC0-301F-11D3-BF4B-00C04F79EFBC}") = "Workbench", "Workbench\Workbench.csproj", "{A5B2DBAA-54EF-4C2F-9A31-53F7F1D4868E}"
EndProject
Project("{2150E333-8FDC-42A3-9474-1A3956D46DE8}") = "Validations", "Validations", "{799C3D48-32D3-435F-A52C-FAEF03FD5899}"
EndProject
Project("{FAE04EC0-301F-11D3-BF4B-00C04F79EFBC}") = "Emdep.Geos.UI.Validations", "UI\Validations\Emdep.Geos.UI.Validations.csproj", "{367F2DAC-762C-43A2-B6B3-237E493CFA4F}"
EndProject
Project("{2150E333-8FDC-42A3-9474-1A3956D46DE8}") = "Converters", "Converters", "{6D03BB58-A4B7-4885-9EB5-67D24360BD67}"
EndProject
Project("{FAE04EC0-301F-11D3-BF4B-00C04F79EFBC}") = "Emdep.Geos.UI.Converters", "UI\Converters\Emdep.Geos.UI.Converters\Emdep.Geos.UI.Converters.csproj", "{F552269B-3774-458E-953F-297B51062520}"
EndProject
Project("{2150E333-8FDC-42A3-9474-1A3956D46DE8}") = "Modules", "Modules", "{BE8E1CD2-858D-4791-B5DA-C18DC097F55E}"
EndProject
Project("{2150E333-8FDC-42A3-9474-1A3956D46DE8}") = "Services", "Services", "{DE6D577C-664F-4FD6-AB11-900A78E1BD33}"
EndProject
Project("{2150E333-8FDC-42A3-9474-1A3956D46DE8}") = "Contracts", "Contracts", "{DC88974E-D4DE-47A6-A93A-CBFB5E827E9B}"
EndProject
Project("{2150E333-8FDC-42A3-9474-1A3956D46DE8}") = "Web", "Web", "{13D68D3F-B2E5-4545-80AE-6339C6D2276C}"
EndProject
Project("{FAE04EC0-301F-11D3-BF4B-00C04F79EFBC}") = "Emdep.Geos.Services.Contracts", "Services\Contracts\Emdep.Geos.Services.Contracts.csproj", "{797428DD-A3B8-4450-A181-30749D686861}"
EndProject
Project("{FAE04EC0-301F-11D3-BF4B-00C04F79EFBC}") = "Emdep.Geos.Services.Web.Workbench", "Services\Web\Workbench\Emdep.Geos.Services.Web.Workbench.csproj", "{815E9485-667C-4A2D-A063-91B58E929983}"
EndProject
Project("{2150E333-8FDC-42A3-9474-1A3956D46DE8}") = "HarnessPartModule", "HarnessPartModule", "{73CDD339-2FF5-45C6-B1B6-BFF96A7E70E6}"
EndProject
Project("{2150E333-8FDC-42A3-9474-1A3956D46DE8}") = "TicketModule", "TicketModule", "{DC5DC597-A158-44B1-9205-375BF1DC4D3E}"
EndProject
Project("{FAE04EC0-301F-11D3-BF4B-00C04F79EFBC}") = "Emdep.Geos.Modules.HarnessPart", "Modules\HarnessPartModule\Emdep.Geos.Modules.HarnessPart.csproj", "{944373D3-FDC5-48D7-91B4-3710A5ADC64B}"
EndProject
Project("{FAE04EC0-301F-11D3-BF4B-00C04F79EFBC}") = "Emdep.Geos.UI.ServiceProcess", "UI\ServiceProcess\Emdep.Geos.UI.ServiceProcess.csproj", "{06423505-F9C6-4132-A456-9FE91F46E8A3}"
EndProject
Project("{2150E333-8FDC-42A3-9474-1A3956D46DE8}") = "Common", "Common", "{A48315B0-8CD7-42E7-AD45-D5F71B8F8261}"
EndProject
Project("{FAE04EC0-301F-11D3-BF4B-00C04F79EFBC}") = "Emdep.Geos.UI.Common", "UI\Common\Emdep.Geos.UI.Common.csproj", "{449EC047-D8F9-40D3-ADCA-FFBBED832E47}"
EndProject
Project("{2150E333-8FDC-42A3-9474-1A3956D46DE8}") = "CrmModule", "CrmModule", "{019FD76B-B2C9-428C-A684-245B9EC815FB}"
EndProject
Project("{2150E333-8FDC-42A3-9474-1A3956D46DE8}") = "EpcModule", "EpcModule", "{B92036C7-FE9A-4FBF-8A53-66B2A01A6E3A}"
EndProject
Project("{2150E333-8FDC-42A3-9474-1A3956D46DE8}") = "Helper", "Helper", "{63B013B8-A013-45B1-B28A-166EB4481943}"
EndProject
Project("{FAE04EC0-301F-11D3-BF4B-00C04F79EFBC}") = "Emdep.Geos.UI.Helper", "UI\Helper\Emdep.Geos.UI.Helper.csproj", "{C9BC5ED4-67DD-461A-93BD-315A61D32B0C}"
EndProject
Project("{FAE04EC0-301F-11D3-BF4B-00C04F79EFBC}") = "Emdep.Geos.Modules.Crm", "Modules\CrmModule\Emdep.Geos.Modules.Crm.csproj", "{2ABB1036-D940-44D3-94EF-390D699D9D87}"
EndProject
Project("{FAE04EC0-301F-11D3-BF4B-00C04F79EFBC}") = "Emdep.Geos.Modules.Ticket", "Modules\TicketModule\Emdep.Geos.Modules.Ticket.csproj", "{34D2AA94-312A-4F75-A3C9-ECD0D443520E}"
EndProject
Project("{54435603-DBB4-11D2-8724-00A0C9A8B90C}") = "GeosWorkbenchInstaller", "GeosWorkbenchInstaller\GeosWorkbenchInstaller.vdproj", "{9781B738-405B-41EF-B108-32CD07EF2F3A}"
EndProject
Project("{FAE04EC0-301F-11D3-BF4B-00C04F79EFBC}") = "Emdep.Geos.Modules.Epc", "Modules\EpcModule\Emdep.Geos.Modules.Epc.csproj", "{452FB2B2-B792-4FC6-84C7-5096E61723F6}"
EndProject
Project("{2150E333-8FDC-42A3-9474-1A3956D46DE8}") = "WarehouseModule", "WarehouseModule", "{D6610A86-AFED-4FC0-A956-D0CA3A4D8589}"
EndProject
Project("{FAE04EC0-301F-11D3-BF4B-00C04F79EFBC}") = "Emdep.Geos.Modules.Warehouse", "Modules\WarehouseModule\Emdep.Geos.Modules.Warehouse.csproj", "{E242E018-4134-43EC-AA9F-A684712AF8F0}"
EndProject
Project("{2150E333-8FDC-42A3-9474-1A3956D46DE8}") = "HrmModule", "HrmModule", "{FC86B666-BDE1-48CE-A751-CDE73746D1D3}"
EndProject
Project("{FAE04EC0-301F-11D3-BF4B-00C04F79EFBC}") = "Emdep.Geos.Modules.Hrm", "Modules\HrmModule\Emdep.Geos.Modules.Hrm.csproj", "{B10C440E-79DE-4986-A691-48DE19594BDF}"
EndProject
Project("{2150E333-8FDC-42A3-9474-1A3956D46DE8}") = "PCMModule", "PCMModule", "{F6236336-91CC-4524-88B7-6EFF77DD59A1}"
EndProject
Project("{FAE04EC0-301F-11D3-BF4B-00C04F79EFBC}") = "Emdep.Geos.Modules.PCM", "Modules\PCMModule\Emdep.Geos.Modules.PCM.csproj", "{5BBD2155-ADC2-4D6C-A2E6-477D2D52C037}"
EndProject
Project("{2150E333-8FDC-42A3-9474-1A3956D46DE8}") = "SAMModule", "SAMModule", "{67306DCC-90B4-4EA1-A042-91F5D9762023}"
EndProject
Project("{FAE04EC0-301F-11D3-BF4B-00C04F79EFBC}") = "Emdep.Geos.Modules.SAM", "Modules\SAMModule\Emdep.Geos.Modules.SAM.csproj", "{EAFF7EAA-92C2-4644-B77D-BA56BCDBD377}"
EndProject
Project("{2150E333-8FDC-42A3-9474-1A3956D46DE8}") = "SRMModule", "SRMModule", "{EEBCD827-7506-4535-852C-244DA82574D3}"
EndProject
Project("{FAE04EC0-301F-11D3-BF4B-00C04F79EFBC}") = "Emdep.Geos.Modules.SRM", "Modules\SRMModule\Emdep.Geos.Modules.SRM.csproj", "{3EC0EDB3-2856-4944-A25A-EB6F5587E2E0}"
EndProject
Project("{2150E333-8FDC-42A3-9474-1A3956D46DE8}") = "Windows Services", "Windows Services", "{B28530C1-F8AF-4C42-9CB6-EEB631CBD268}"
EndProject
Project("{FAE04EC0-301F-11D3-BF4B-00C04F79EFBC}") = "ActivityReminder", "Services\Windows Services\ActivityReminderServices\ActivityReminder.csproj", "{92D64AFC-805F-4A3E-AC69-1A40DB68AAEC}"
EndProject
Project("{2150E333-8FDC-42A3-9474-1A3956D46DE8}") = "AddIns", "AddIns", "{4AC08ECB-73AA-4FB5-A65E-09C9D8DA0862}"
EndProject
Project("{FAE04EC0-301F-11D3-BF4B-00C04F79EFBC}") = "GEOS_Workbench_Outlook_Addin", "Add Ins Project\GEOS_Workbench_Outlook_Addin\GEOS_Workbench_Outlook_Addin\GEOS_Workbench_Outlook_Addin.csproj", "{2FD305BA-B810-421A-BC68-753F11A35F87}"
EndProject
Project("{2150E333-8FDC-42A3-9474-1A3956D46DE8}") = "GEOS_Workbench_Outlook_Addin", "GEOS_Workbench_Outlook_Addin", "{F659A00D-C89F-4825-B318-BEF89C0E4A65}"
EndProject
Project("{FAE04EC0-301F-11D3-BF4B-00C04F79EFBC}") = "GEOS_Workbench_Outlook_Addin", "GEOS_Workbench_Outlook_Addin\GEOS_Workbench_Outlook_Addin\GEOS_Workbench_Outlook_Addin.csproj", "{02FF125C-7A38-49D0-857A-BF9EB95D711E}"
EndProject
Project("{54435603-DBB4-11D2-8724-00A0C9A8B90C}") = "GeosWorkbenchAddinSetup", "GEOS_Workbench_Outlook_Addin\Installer\GeosWorkbenchAddinSetup\GeosWorkbenchAddinSetup.vdproj", "{5AC73534-DD9B-4F89-BA59-C775EFD2B576}"
EndProject
Project("{FAE04EC0-301F-11D3-BF4B-00C04F79EFBC}") = "AddInResources", "GEOS_Workbench_Outlook_Addin\AddInResources\AddInResources.csproj", "{494D2B52-A1C6-405E-9EE0-C0E0E7B5ABA7}"
EndProject
Global
	GlobalSection(SolutionConfigurationPlatforms) = preSolution
		Debug|Any CPU = Debug|Any CPU
		Debug|x64 = Debug|x64
		Release|Any CPU = Release|Any CPU
		Release|x64 = Release|x64
	EndGlobalSection
	GlobalSection(ProjectConfigurationPlatforms) = postSolution
		{6FE20A9E-6FA8-4760-85C5-F2AC14CE9438}.Debug|Any CPU.ActiveCfg = Debug|Any CPU
		{6FE20A9E-6FA8-4760-85C5-F2AC14CE9438}.Debug|Any CPU.Build.0 = Debug|Any CPU
		{6FE20A9E-6FA8-4760-85C5-F2AC14CE9438}.Debug|x64.ActiveCfg = Debug|Any CPU
		{6FE20A9E-6FA8-4760-85C5-F2AC14CE9438}.Release|Any CPU.ActiveCfg = Release|Any CPU
		{6FE20A9E-6FA8-4760-85C5-F2AC14CE9438}.Release|Any CPU.Build.0 = Release|Any CPU
		{6FE20A9E-6FA8-4760-85C5-F2AC14CE9438}.Release|x64.ActiveCfg = Release|Any CPU
		{B5367434-9124-47BA-9FBB-AE26C4100827}.Debug|Any CPU.ActiveCfg = Debug|Any CPU
		{B5367434-9124-47BA-9FBB-AE26C4100827}.Debug|Any CPU.Build.0 = Debug|Any CPU
		{B5367434-9124-47BA-9FBB-AE26C4100827}.Debug|x64.ActiveCfg = Debug|Any CPU
		{B5367434-9124-47BA-9FBB-AE26C4100827}.Release|Any CPU.ActiveCfg = Release|Any CPU
		{B5367434-9124-47BA-9FBB-AE26C4100827}.Release|Any CPU.Build.0 = Release|Any CPU
		{B5367434-9124-47BA-9FBB-AE26C4100827}.Release|x64.ActiveCfg = Release|Any CPU
		{7D51DE34-000A-41DF-83E9-20E5DBB733C6}.Debug|Any CPU.ActiveCfg = Debug|Any CPU
		{7D51DE34-000A-41DF-83E9-20E5DBB733C6}.Debug|Any CPU.Build.0 = Debug|Any CPU
		{7D51DE34-000A-41DF-83E9-20E5DBB733C6}.Debug|x64.ActiveCfg = Debug|Any CPU
		{7D51DE34-000A-41DF-83E9-20E5DBB733C6}.Release|Any CPU.ActiveCfg = Release|Any CPU
		{7D51DE34-000A-41DF-83E9-20E5DBB733C6}.Release|Any CPU.Build.0 = Release|Any CPU
		{7D51DE34-000A-41DF-83E9-20E5DBB733C6}.Release|x64.ActiveCfg = Release|Any CPU
		{533C80E1-610F-4A90-AA9E-A22E8FE38194}.Debug|Any CPU.ActiveCfg = Debug|Any CPU
		{533C80E1-610F-4A90-AA9E-A22E8FE38194}.Debug|Any CPU.Build.0 = Debug|Any CPU
		{533C80E1-610F-4A90-AA9E-A22E8FE38194}.Debug|x64.ActiveCfg = Debug|x64
		{533C80E1-610F-4A90-AA9E-A22E8FE38194}.Debug|x64.Build.0 = Debug|x64
		{533C80E1-610F-4A90-AA9E-A22E8FE38194}.Release|Any CPU.ActiveCfg = Release|Any CPU
		{533C80E1-610F-4A90-AA9E-A22E8FE38194}.Release|Any CPU.Build.0 = Release|Any CPU
		{533C80E1-610F-4A90-AA9E-A22E8FE38194}.Release|x64.ActiveCfg = Release|x64
		{533C80E1-610F-4A90-AA9E-A22E8FE38194}.Release|x64.Build.0 = Release|x64
		{9D6FB917-A58F-44C2-9ED3-E39514D87C93}.Debug|Any CPU.ActiveCfg = Debug|Any CPU
		{9D6FB917-A58F-44C2-9ED3-E39514D87C93}.Debug|Any CPU.Build.0 = Debug|Any CPU
		{9D6FB917-A58F-44C2-9ED3-E39514D87C93}.Debug|x64.ActiveCfg = Debug|x64
		{9D6FB917-A58F-44C2-9ED3-E39514D87C93}.Debug|x64.Build.0 = Debug|x64
		{9D6FB917-A58F-44C2-9ED3-E39514D87C93}.Release|Any CPU.ActiveCfg = Release|Any CPU
		{9D6FB917-A58F-44C2-9ED3-E39514D87C93}.Release|Any CPU.Build.0 = Release|Any CPU
		{9D6FB917-A58F-44C2-9ED3-E39514D87C93}.Release|x64.ActiveCfg = Release|x64
		{9D6FB917-A58F-44C2-9ED3-E39514D87C93}.Release|x64.Build.0 = Release|x64
		{DA2E041A-6800-407C-BB24-AE447139712C}.Debug|Any CPU.ActiveCfg = Debug|Any CPU
		{DA2E041A-6800-407C-BB24-AE447139712C}.Debug|Any CPU.Build.0 = Debug|Any CPU
		{DA2E041A-6800-407C-BB24-AE447139712C}.Debug|x64.ActiveCfg = Debug|Any CPU
		{DA2E041A-6800-407C-BB24-AE447139712C}.Release|Any CPU.ActiveCfg = Release|Any CPU
		{DA2E041A-6800-407C-BB24-AE447139712C}.Release|Any CPU.Build.0 = Release|Any CPU
		{DA2E041A-6800-407C-BB24-AE447139712C}.Release|x64.ActiveCfg = Release|Any CPU
		{DA2E041A-6800-407C-BB24-AE447139712C}.Release|x64.Build.0 = Release|Any CPU
		{A5B2DBAA-54EF-4C2F-9A31-53F7F1D4868E}.Debug|Any CPU.ActiveCfg = Debug|Any CPU
		{A5B2DBAA-54EF-4C2F-9A31-53F7F1D4868E}.Debug|Any CPU.Build.0 = Debug|Any CPU
		{A5B2DBAA-54EF-4C2F-9A31-53F7F1D4868E}.Debug|x64.ActiveCfg = Debug|Any CPU
		{A5B2DBAA-54EF-4C2F-9A31-53F7F1D4868E}.Release|Any CPU.ActiveCfg = Release|Any CPU
		{A5B2DBAA-54EF-4C2F-9A31-53F7F1D4868E}.Release|Any CPU.Build.0 = Release|Any CPU
		{A5B2DBAA-54EF-4C2F-9A31-53F7F1D4868E}.Release|x64.ActiveCfg = Release|x64
		{367F2DAC-762C-43A2-B6B3-237E493CFA4F}.Debug|Any CPU.ActiveCfg = Debug|Any CPU
		{367F2DAC-762C-43A2-B6B3-237E493CFA4F}.Debug|Any CPU.Build.0 = Debug|Any CPU
		{367F2DAC-762C-43A2-B6B3-237E493CFA4F}.Debug|x64.ActiveCfg = Debug|Any CPU
		{367F2DAC-762C-43A2-B6B3-237E493CFA4F}.Release|Any CPU.ActiveCfg = Release|Any CPU
		{367F2DAC-762C-43A2-B6B3-237E493CFA4F}.Release|Any CPU.Build.0 = Release|Any CPU
		{367F2DAC-762C-43A2-B6B3-237E493CFA4F}.Release|x64.ActiveCfg = Release|x64
		{F552269B-3774-458E-953F-297B51062520}.Debug|Any CPU.ActiveCfg = Debug|Any CPU
		{F552269B-3774-458E-953F-297B51062520}.Debug|Any CPU.Build.0 = Debug|Any CPU
		{F552269B-3774-458E-953F-297B51062520}.Debug|x64.ActiveCfg = Debug|Any CPU
		{F552269B-3774-458E-953F-297B51062520}.Release|Any CPU.ActiveCfg = Release|Any CPU
		{F552269B-3774-458E-953F-297B51062520}.Release|Any CPU.Build.0 = Release|Any CPU
		{F552269B-3774-458E-953F-297B51062520}.Release|x64.ActiveCfg = Release|x64
		{797428DD-A3B8-4450-A181-30749D686861}.Debug|Any CPU.ActiveCfg = Debug|Any CPU
		{797428DD-A3B8-4450-A181-30749D686861}.Debug|Any CPU.Build.0 = Debug|Any CPU
		{797428DD-A3B8-4450-A181-30749D686861}.Debug|x64.ActiveCfg = Debug|Any CPU
		{797428DD-A3B8-4450-A181-30749D686861}.Release|Any CPU.ActiveCfg = Release|Any CPU
		{797428DD-A3B8-4450-A181-30749D686861}.Release|Any CPU.Build.0 = Release|Any CPU
		{797428DD-A3B8-4450-A181-30749D686861}.Release|x64.ActiveCfg = Release|Any CPU
		{815E9485-667C-4A2D-A063-91B58E929983}.Debug|Any CPU.ActiveCfg = Debug|Any CPU
		{815E9485-667C-4A2D-A063-91B58E929983}.Debug|Any CPU.Build.0 = Debug|Any CPU
		{815E9485-667C-4A2D-A063-91B58E929983}.Debug|x64.ActiveCfg = Debug|Any CPU
		{815E9485-667C-4A2D-A063-91B58E929983}.Release|Any CPU.ActiveCfg = Release|Any CPU
		{815E9485-667C-4A2D-A063-91B58E929983}.Release|Any CPU.Build.0 = Release|Any CPU
		{815E9485-667C-4A2D-A063-91B58E929983}.Release|x64.ActiveCfg = Release|Any CPU
		{944373D3-FDC5-48D7-91B4-3710A5ADC64B}.Debug|Any CPU.ActiveCfg = Debug|Any CPU
		{944373D3-FDC5-48D7-91B4-3710A5ADC64B}.Debug|Any CPU.Build.0 = Debug|Any CPU
		{944373D3-FDC5-48D7-91B4-3710A5ADC64B}.Debug|x64.ActiveCfg = Debug|Any CPU
		{944373D3-FDC5-48D7-91B4-3710A5ADC64B}.Release|Any CPU.ActiveCfg = Release|Any CPU
		{944373D3-FDC5-48D7-91B4-3710A5ADC64B}.Release|Any CPU.Build.0 = Release|Any CPU
		{944373D3-FDC5-48D7-91B4-3710A5ADC64B}.Release|x64.ActiveCfg = Release|Any CPU
		{944373D3-FDC5-48D7-91B4-3710A5ADC64B}.Release|x64.Build.0 = Release|Any CPU
		{06423505-F9C6-4132-A456-9FE91F46E8A3}.Debug|Any CPU.ActiveCfg = Debug|Any CPU
		{06423505-F9C6-4132-A456-9FE91F46E8A3}.Debug|Any CPU.Build.0 = Debug|Any CPU
		{06423505-F9C6-4132-A456-9FE91F46E8A3}.Debug|x64.ActiveCfg = Debug|x64
		{06423505-F9C6-4132-A456-9FE91F46E8A3}.Debug|x64.Build.0 = Debug|x64
		{06423505-F9C6-4132-A456-9FE91F46E8A3}.Release|Any CPU.ActiveCfg = Release|Any CPU
		{06423505-F9C6-4132-A456-9FE91F46E8A3}.Release|Any CPU.Build.0 = Release|Any CPU
		{06423505-F9C6-4132-A456-9FE91F46E8A3}.Release|x64.ActiveCfg = Release|x64
		{06423505-F9C6-4132-A456-9FE91F46E8A3}.Release|x64.Build.0 = Release|x64
		{449EC047-D8F9-40D3-ADCA-FFBBED832E47}.Debug|Any CPU.ActiveCfg = Debug|Any CPU
		{449EC047-D8F9-40D3-ADCA-FFBBED832E47}.Debug|Any CPU.Build.0 = Debug|Any CPU
		{449EC047-D8F9-40D3-ADCA-FFBBED832E47}.Debug|x64.ActiveCfg = Debug|Any CPU
		{449EC047-D8F9-40D3-ADCA-FFBBED832E47}.Release|Any CPU.ActiveCfg = Release|Any CPU
		{449EC047-D8F9-40D3-ADCA-FFBBED832E47}.Release|Any CPU.Build.0 = Release|Any CPU
		{449EC047-D8F9-40D3-ADCA-FFBBED832E47}.Release|x64.ActiveCfg = Release|x64
		{C9BC5ED4-67DD-461A-93BD-315A61D32B0C}.Debug|Any CPU.ActiveCfg = Debug|Any CPU
		{C9BC5ED4-67DD-461A-93BD-315A61D32B0C}.Debug|Any CPU.Build.0 = Debug|Any CPU
		{C9BC5ED4-67DD-461A-93BD-315A61D32B0C}.Debug|x64.ActiveCfg = Debug|Any CPU
		{C9BC5ED4-67DD-461A-93BD-315A61D32B0C}.Release|Any CPU.ActiveCfg = Release|Any CPU
		{C9BC5ED4-67DD-461A-93BD-315A61D32B0C}.Release|Any CPU.Build.0 = Release|Any CPU
		{C9BC5ED4-67DD-461A-93BD-315A61D32B0C}.Release|x64.ActiveCfg = Release|Any CPU
		{C9BC5ED4-67DD-461A-93BD-315A61D32B0C}.Release|x64.Build.0 = Release|Any CPU
		{2ABB1036-D940-44D3-94EF-390D699D9D87}.Debug|Any CPU.ActiveCfg = Debug|Any CPU
		{2ABB1036-D940-44D3-94EF-390D699D9D87}.Debug|Any CPU.Build.0 = Debug|Any CPU
		{2ABB1036-D940-44D3-94EF-390D699D9D87}.Debug|x64.ActiveCfg = Debug|Any CPU
		{2ABB1036-D940-44D3-94EF-390D699D9D87}.Release|Any CPU.ActiveCfg = Release|Any CPU
		{2ABB1036-D940-44D3-94EF-390D699D9D87}.Release|Any CPU.Build.0 = Release|Any CPU
		{2ABB1036-D940-44D3-94EF-390D699D9D87}.Release|x64.ActiveCfg = Release|x64
		{34D2AA94-312A-4F75-A3C9-ECD0D443520E}.Debug|Any CPU.ActiveCfg = Debug|Any CPU
		{34D2AA94-312A-4F75-A3C9-ECD0D443520E}.Debug|Any CPU.Build.0 = Debug|Any CPU
		{34D2AA94-312A-4F75-A3C9-ECD0D443520E}.Debug|x64.ActiveCfg = Debug|Any CPU
		{34D2AA94-312A-4F75-A3C9-ECD0D443520E}.Release|Any CPU.ActiveCfg = Release|Any CPU
		{34D2AA94-312A-4F75-A3C9-ECD0D443520E}.Release|Any CPU.Build.0 = Release|Any CPU
		{34D2AA94-312A-4F75-A3C9-ECD0D443520E}.Release|x64.ActiveCfg = Release|Any CPU
		{34D2AA94-312A-4F75-A3C9-ECD0D443520E}.Release|x64.Build.0 = Release|Any CPU
		{9781B738-405B-41EF-B108-32CD07EF2F3A}.Debug|Any CPU.ActiveCfg = Debug
		{9781B738-405B-41EF-B108-32CD07EF2F3A}.Debug|x64.ActiveCfg = Debug
		{9781B738-405B-41EF-B108-32CD07EF2F3A}.Release|Any CPU.ActiveCfg = Release
		{9781B738-405B-41EF-B108-32CD07EF2F3A}.Release|x64.ActiveCfg = Release
		{452FB2B2-B792-4FC6-84C7-5096E61723F6}.Debug|Any CPU.ActiveCfg = Debug|Any CPU
		{452FB2B2-B792-4FC6-84C7-5096E61723F6}.Debug|Any CPU.Build.0 = Debug|Any CPU
		{452FB2B2-B792-4FC6-84C7-5096E61723F6}.Debug|x64.ActiveCfg = Debug|Any CPU
		{452FB2B2-B792-4FC6-84C7-5096E61723F6}.Debug|x64.Build.0 = Debug|Any CPU
		{452FB2B2-B792-4FC6-84C7-5096E61723F6}.Release|Any CPU.ActiveCfg = Release|Any CPU
		{452FB2B2-B792-4FC6-84C7-5096E61723F6}.Release|Any CPU.Build.0 = Release|Any CPU
		{452FB2B2-B792-4FC6-84C7-5096E61723F6}.Release|x64.ActiveCfg = Release|Any CPU
		{452FB2B2-B792-4FC6-84C7-5096E61723F6}.Release|x64.Build.0 = Release|Any CPU
		{E242E018-4134-43EC-AA9F-A684712AF8F0}.Debug|Any CPU.ActiveCfg = Debug|Any CPU
		{E242E018-4134-43EC-AA9F-A684712AF8F0}.Debug|Any CPU.Build.0 = Debug|Any CPU
		{E242E018-4134-43EC-AA9F-A684712AF8F0}.Debug|x64.ActiveCfg = Debug|Any CPU
		{E242E018-4134-43EC-AA9F-A684712AF8F0}.Debug|x64.Build.0 = Debug|Any CPU
		{E242E018-4134-43EC-AA9F-A684712AF8F0}.Release|Any CPU.ActiveCfg = Release|Any CPU
		{E242E018-4134-43EC-AA9F-A684712AF8F0}.Release|Any CPU.Build.0 = Release|Any CPU
		{E242E018-4134-43EC-AA9F-A684712AF8F0}.Release|x64.ActiveCfg = Release|Any CPU
		{E242E018-4134-43EC-AA9F-A684712AF8F0}.Release|x64.Build.0 = Release|Any CPU
		{B10C440E-79DE-4986-A691-48DE19594BDF}.Debug|Any CPU.ActiveCfg = Debug|Any CPU
		{B10C440E-79DE-4986-A691-48DE19594BDF}.Debug|Any CPU.Build.0 = Debug|Any CPU
		{B10C440E-79DE-4986-A691-48DE19594BDF}.Debug|x64.ActiveCfg = Debug|Any CPU
		{B10C440E-79DE-4986-A691-48DE19594BDF}.Debug|x64.Build.0 = Debug|Any CPU
		{B10C440E-79DE-4986-A691-48DE19594BDF}.Release|Any CPU.ActiveCfg = Release|Any CPU
		{B10C440E-79DE-4986-A691-48DE19594BDF}.Release|Any CPU.Build.0 = Release|Any CPU
		{B10C440E-79DE-4986-A691-48DE19594BDF}.Release|x64.ActiveCfg = Release|Any CPU
		{B10C440E-79DE-4986-A691-48DE19594BDF}.Release|x64.Build.0 = Release|Any CPU
		{5BBD2155-ADC2-4D6C-A2E6-477D2D52C037}.Debug|Any CPU.ActiveCfg = Debug|Any CPU
		{5BBD2155-ADC2-4D6C-A2E6-477D2D52C037}.Debug|Any CPU.Build.0 = Debug|Any CPU
		{5BBD2155-ADC2-4D6C-A2E6-477D2D52C037}.Debug|x64.ActiveCfg = Debug|Any CPU
		{5BBD2155-ADC2-4D6C-A2E6-477D2D52C037}.Debug|x64.Build.0 = Debug|Any CPU
		{5BBD2155-ADC2-4D6C-A2E6-477D2D52C037}.Release|Any CPU.ActiveCfg = Release|Any CPU
		{5BBD2155-ADC2-4D6C-A2E6-477D2D52C037}.Release|Any CPU.Build.0 = Release|Any CPU
		{5BBD2155-ADC2-4D6C-A2E6-477D2D52C037}.Release|x64.ActiveCfg = Release|Any CPU
		{5BBD2155-ADC2-4D6C-A2E6-477D2D52C037}.Release|x64.Build.0 = Release|Any CPU
		{EAFF7EAA-92C2-4644-B77D-BA56BCDBD377}.Debug|Any CPU.ActiveCfg = Debug|Any CPU
		{EAFF7EAA-92C2-4644-B77D-BA56BCDBD377}.Debug|Any CPU.Build.0 = Debug|Any CPU
		{EAFF7EAA-92C2-4644-B77D-BA56BCDBD377}.Debug|x64.ActiveCfg = Debug|Any CPU
		{EAFF7EAA-92C2-4644-B77D-BA56BCDBD377}.Debug|x64.Build.0 = Debug|Any CPU
		{EAFF7EAA-92C2-4644-B77D-BA56BCDBD377}.Release|Any CPU.ActiveCfg = Release|Any CPU
		{EAFF7EAA-92C2-4644-B77D-BA56BCDBD377}.Release|Any CPU.Build.0 = Release|Any CPU
		{EAFF7EAA-92C2-4644-B77D-BA56BCDBD377}.Release|x64.ActiveCfg = Release|Any CPU
		{EAFF7EAA-92C2-4644-B77D-BA56BCDBD377}.Release|x64.Build.0 = Release|Any CPU
		{3EC0EDB3-2856-4944-A25A-EB6F5587E2E0}.Debug|Any CPU.ActiveCfg = Debug|Any CPU
		{3EC0EDB3-2856-4944-A25A-EB6F5587E2E0}.Debug|Any CPU.Build.0 = Debug|Any CPU
		{3EC0EDB3-2856-4944-A25A-EB6F5587E2E0}.Debug|x64.ActiveCfg = Debug|Any CPU
		{3EC0EDB3-2856-4944-A25A-EB6F5587E2E0}.Debug|x64.Build.0 = Debug|Any CPU
		{3EC0EDB3-2856-4944-A25A-EB6F5587E2E0}.Release|Any CPU.ActiveCfg = Release|Any CPU
		{3EC0EDB3-2856-4944-A25A-EB6F5587E2E0}.Release|Any CPU.Build.0 = Release|Any CPU
		{3EC0EDB3-2856-4944-A25A-EB6F5587E2E0}.Release|x64.ActiveCfg = Release|Any CPU
		{3EC0EDB3-2856-4944-A25A-EB6F5587E2E0}.Release|x64.Build.0 = Release|Any CPU
		{92D64AFC-805F-4A3E-AC69-1A40DB68AAEC}.Debug|Any CPU.ActiveCfg = Debug|Any CPU
		{92D64AFC-805F-4A3E-AC69-1A40DB68AAEC}.Debug|Any CPU.Build.0 = Debug|Any CPU
		{92D64AFC-805F-4A3E-AC69-1A40DB68AAEC}.Debug|x64.ActiveCfg = Debug|Any CPU
		{92D64AFC-805F-4A3E-AC69-1A40DB68AAEC}.Debug|x64.Build.0 = Debug|Any CPU
		{92D64AFC-805F-4A3E-AC69-1A40DB68AAEC}.Release|Any CPU.ActiveCfg = Release|Any CPU
		{92D64AFC-805F-4A3E-AC69-1A40DB68AAEC}.Release|Any CPU.Build.0 = Release|Any CPU
		{92D64AFC-805F-4A3E-AC69-1A40DB68AAEC}.Release|x64.ActiveCfg = Release|Any CPU
		{92D64AFC-805F-4A3E-AC69-1A40DB68AAEC}.Release|x64.Build.0 = Release|Any CPU
		{2FD305BA-B810-421A-BC68-753F11A35F87}.Debug|Any CPU.ActiveCfg = Debug|Any CPU
		{2FD305BA-B810-421A-BC68-753F11A35F87}.Debug|Any CPU.Build.0 = Debug|Any CPU
		{2FD305BA-B810-421A-BC68-753F11A35F87}.Debug|x64.ActiveCfg = Debug|Any CPU
		{2FD305BA-B810-421A-BC68-753F11A35F87}.Debug|x64.Build.0 = Debug|Any CPU
		{2FD305BA-B810-421A-BC68-753F11A35F87}.Release|Any CPU.ActiveCfg = Release|Any CPU
		{2FD305BA-B810-421A-BC68-753F11A35F87}.Release|Any CPU.Build.0 = Release|Any CPU
		{2FD305BA-B810-421A-BC68-753F11A35F87}.Release|x64.ActiveCfg = Release|Any CPU
		{2FD305BA-B810-421A-BC68-753F11A35F87}.Release|x64.Build.0 = Release|Any CPU
		{02FF125C-7A38-49D0-857A-BF9EB95D711E}.Debug|Any CPU.ActiveCfg = Debug|Any CPU
		{02FF125C-7A38-49D0-857A-BF9EB95D711E}.Debug|Any CPU.Build.0 = Debug|Any CPU
		{02FF125C-7A38-49D0-857A-BF9EB95D711E}.Debug|x64.ActiveCfg = Debug|Any CPU
		{02FF125C-7A38-49D0-857A-BF9EB95D711E}.Debug|x64.Build.0 = Debug|Any CPU
		{02FF125C-7A38-49D0-857A-BF9EB95D711E}.Release|Any CPU.ActiveCfg = Release|Any CPU
		{02FF125C-7A38-49D0-857A-BF9EB95D711E}.Release|Any CPU.Build.0 = Release|Any CPU
		{02FF125C-7A38-49D0-857A-BF9EB95D711E}.Release|x64.ActiveCfg = Release|Any CPU
		{02FF125C-7A38-49D0-857A-BF9EB95D711E}.Release|x64.Build.0 = Release|Any CPU
		{5AC73534-DD9B-4F89-BA59-C775EFD2B576}.Debug|Any CPU.ActiveCfg = Debug
		{5AC73534-DD9B-4F89-BA59-C775EFD2B576}.Debug|x64.ActiveCfg = Debug
		{5AC73534-DD9B-4F89-BA59-C775EFD2B576}.Release|Any CPU.ActiveCfg = Release
		{5AC73534-DD9B-4F89-BA59-C775EFD2B576}.Release|x64.ActiveCfg = Release
		{494D2B52-A1C6-405E-9EE0-C0E0E7B5ABA7}.Debug|Any CPU.ActiveCfg = Debug|Any CPU
		{494D2B52-A1C6-405E-9EE0-C0E0E7B5ABA7}.Debug|Any CPU.Build.0 = Debug|Any CPU
		{494D2B52-A1C6-405E-9EE0-C0E0E7B5ABA7}.Debug|x64.ActiveCfg = Debug|Any CPU
		{494D2B52-A1C6-405E-9EE0-C0E0E7B5ABA7}.Debug|x64.Build.0 = Debug|Any CPU
		{494D2B52-A1C6-405E-9EE0-C0E0E7B5ABA7}.Release|Any CPU.ActiveCfg = Release|Any CPU
		{494D2B52-A1C6-405E-9EE0-C0E0E7B5ABA7}.Release|Any CPU.Build.0 = Release|Any CPU
		{494D2B52-A1C6-405E-9EE0-C0E0E7B5ABA7}.Release|x64.ActiveCfg = Release|Any CPU
		{494D2B52-A1C6-405E-9EE0-C0E0E7B5ABA7}.Release|x64.Build.0 = Release|Any CPU
	EndGlobalSection
	GlobalSection(SolutionProperties) = preSolution
		HideSolutionNode = FALSE
	EndGlobalSection
	GlobalSection(NestedProjects) = preSolution
		{2A436E18-01A7-4AC5-9ABE-291A8491A074} = {9EF2E3D3-C592-4807-AA7A-0C15FB3D5E12}
		{0187F1E9-CA3E-423B-A941-CC113797B9CA} = {9EF2E3D3-C592-4807-AA7A-0C15FB3D5E12}
		{A867C097-3892-4EEB-AB72-FE50E36EE562} = {9EF2E3D3-C592-4807-AA7A-0C15FB3D5E12}
		{6FE20A9E-6FA8-4760-85C5-F2AC14CE9438} = {2A436E18-01A7-4AC5-9ABE-291A8491A074}
		{B5367434-9124-47BA-9FBB-AE26C4100827} = {0187F1E9-CA3E-423B-A941-CC113797B9CA}
		{7D51DE34-000A-41DF-83E9-20E5DBB733C6} = {A867C097-3892-4EEB-AB72-FE50E36EE562}
		{533C80E1-610F-4A90-AA9E-A22E8FE38194} = {B9BD865B-F1D9-40CF-B0B6-9222BCD9AA66}
		{AFC6D6F0-649B-4216-9165-54DFDB2E7AE6} = {329C6281-9DE9-45A3-B425-98D556FD99DD}
		{CE3B7F96-641B-446C-ABC3-CDA4B2FF1B9A} = {329C6281-9DE9-45A3-B425-98D556FD99DD}
		{9D6FB917-A58F-44C2-9ED3-E39514D87C93} = {CE3B7F96-641B-446C-ABC3-CDA4B2FF1B9A}
		{DA2E041A-6800-407C-BB24-AE447139712C} = {F3D36D3B-9290-4461-B9CF-420D9583B39B}
		{A5B2DBAA-54EF-4C2F-9A31-53F7F1D4868E} = {1B315217-70DC-4A40-BE76-1B9A156D9D7C}
		{799C3D48-32D3-435F-A52C-FAEF03FD5899} = {329C6281-9DE9-45A3-B425-98D556FD99DD}
		{367F2DAC-762C-43A2-B6B3-237E493CFA4F} = {799C3D48-32D3-435F-A52C-FAEF03FD5899}
		{6D03BB58-A4B7-4885-9EB5-67D24360BD67} = {329C6281-9DE9-45A3-B425-98D556FD99DD}
		{F552269B-3774-458E-953F-297B51062520} = {6D03BB58-A4B7-4885-9EB5-67D24360BD67}
		{DC88974E-D4DE-47A6-A93A-CBFB5E827E9B} = {DE6D577C-664F-4FD6-AB11-900A78E1BD33}
		{13D68D3F-B2E5-4545-80AE-6339C6D2276C} = {DE6D577C-664F-4FD6-AB11-900A78E1BD33}
		{797428DD-A3B8-4450-A181-30749D686861} = {DC88974E-D4DE-47A6-A93A-CBFB5E827E9B}
		{815E9485-667C-4A2D-A063-91B58E929983} = {13D68D3F-B2E5-4545-80AE-6339C6D2276C}
		{73CDD339-2FF5-45C6-B1B6-BFF96A7E70E6} = {BE8E1CD2-858D-4791-B5DA-C18DC097F55E}
		{DC5DC597-A158-44B1-9205-375BF1DC4D3E} = {BE8E1CD2-858D-4791-B5DA-C18DC097F55E}
		{944373D3-FDC5-48D7-91B4-3710A5ADC64B} = {73CDD339-2FF5-45C6-B1B6-BFF96A7E70E6}
		{06423505-F9C6-4132-A456-9FE91F46E8A3} = {AFC6D6F0-649B-4216-9165-54DFDB2E7AE6}
		{A48315B0-8CD7-42E7-AD45-D5F71B8F8261} = {329C6281-9DE9-45A3-B425-98D556FD99DD}
		{449EC047-D8F9-40D3-ADCA-FFBBED832E47} = {A48315B0-8CD7-42E7-AD45-D5F71B8F8261}
		{019FD76B-B2C9-428C-A684-245B9EC815FB} = {BE8E1CD2-858D-4791-B5DA-C18DC097F55E}
		{B92036C7-FE9A-4FBF-8A53-66B2A01A6E3A} = {BE8E1CD2-858D-4791-B5DA-C18DC097F55E}
		{63B013B8-A013-45B1-B28A-166EB4481943} = {329C6281-9DE9-45A3-B425-98D556FD99DD}
		{C9BC5ED4-67DD-461A-93BD-315A61D32B0C} = {63B013B8-A013-45B1-B28A-166EB4481943}
		{2ABB1036-D940-44D3-94EF-390D699D9D87} = {019FD76B-B2C9-428C-A684-245B9EC815FB}
		{34D2AA94-312A-4F75-A3C9-ECD0D443520E} = {DC5DC597-A158-44B1-9205-375BF1DC4D3E}
		{452FB2B2-B792-4FC6-84C7-5096E61723F6} = {B92036C7-FE9A-4FBF-8A53-66B2A01A6E3A}
		{D6610A86-AFED-4FC0-A956-D0CA3A4D8589} = {BE8E1CD2-858D-4791-B5DA-C18DC097F55E}
		{E242E018-4134-43EC-AA9F-A684712AF8F0} = {D6610A86-AFED-4FC0-A956-D0CA3A4D8589}
		{FC86B666-BDE1-48CE-A751-CDE73746D1D3} = {BE8E1CD2-858D-4791-B5DA-C18DC097F55E}
		{B10C440E-79DE-4986-A691-48DE19594BDF} = {FC86B666-BDE1-48CE-A751-CDE73746D1D3}
		{F6236336-91CC-4524-88B7-6EFF77DD59A1} = {BE8E1CD2-858D-4791-B5DA-C18DC097F55E}
		{5BBD2155-ADC2-4D6C-A2E6-477D2D52C037} = {F6236336-91CC-4524-88B7-6EFF77DD59A1}
		{67306DCC-90B4-4EA1-A042-91F5D9762023} = {BE8E1CD2-858D-4791-B5DA-C18DC097F55E}
		{EAFF7EAA-92C2-4644-B77D-BA56BCDBD377} = {67306DCC-90B4-4EA1-A042-91F5D9762023}
		{EEBCD827-7506-4535-852C-244DA82574D3} = {BE8E1CD2-858D-4791-B5DA-C18DC097F55E}
		{3EC0EDB3-2856-4944-A25A-EB6F5587E2E0} = {EEBCD827-7506-4535-852C-244DA82574D3}
		{B28530C1-F8AF-4C42-9CB6-EEB631CBD268} = {DE6D577C-664F-4FD6-AB11-900A78E1BD33}
		{92D64AFC-805F-4A3E-AC69-1A40DB68AAEC} = {B28530C1-F8AF-4C42-9CB6-EEB631CBD268}
		{2FD305BA-B810-421A-BC68-753F11A35F87} = {4AC08ECB-73AA-4FB5-A65E-09C9D8DA0862}
		{02FF125C-7A38-49D0-857A-BF9EB95D711E} = {F659A00D-C89F-4825-B318-BEF89C0E4A65}
		{5AC73534-DD9B-4F89-BA59-C775EFD2B576} = {F659A00D-C89F-4825-B318-BEF89C0E4A65}
		{494D2B52-A1C6-405E-9EE0-C0E0E7B5ABA7} = {F659A00D-C89F-4825-B318-BEF89C0E4A65}
	EndGlobalSection
EndGlobal
