Microsoft Visual Studio Solution File, Format Version 11.00
# Visual Studio 2010
Project("{FAE04EC0-301F-11D3-BF4B-00C04F79EFBC}") = "DevExpress.Xpf.Themes.WhiteAndBlue", "DevExpress.Xpf.Themes.WhiteAndBlue.csproj", "{8401A378-724A-4419-ADC3-05D96EF6465C}"
EndProject
Global
    GlobalSection(SolutionConfigurationPlatforms) = preSolution
        Debug|Any CPU = Debug|Any CPU
		DebugTest|Any CPU = DebugTest|Any CPU
        Release|Any CPU = Release|Any CPU
    EndGlobalSection
    GlobalSection(ProjectConfigurationPlatforms) = postSolution
        {8401A378-724A-4419-ADC3-05D96EF6465C}.Debug|Any CPU.ActiveCfg = Debug|Any CPU
        {8401A378-724A-4419-ADC3-05D96EF6465C}.Debug|Any CPU.Build.0 = Debug|Any CPU
		{8401A378-724A-4419-ADC3-05D96EF6465C}.DebugTest|Any CPU.ActiveCfg = DebugTest|Any CPU
		{8401A378-724A-4419-ADC3-05D96EF6465C}.DebugTest|Any CPU.Build.0 = DebugTest|Any CPU
        {8401A378-724A-4419-ADC3-05D96EF6465C}.Release|Any CPU.ActiveCfg = Release|Any CPU
        {8401A378-724A-4419-ADC3-05D96EF6465C}.Release|Any CPU.Build.0 = Release|Any CPU
    EndGlobalSection
    GlobalSection(SolutionProperties) = preSolution
        HideSolutionNode = FALSE
    EndGlobalSection
EndGlobal
