Microsoft Visual Studio Solution File, Format Version 11.00
# Visual Studio 2010
Project("{FAE04EC0-301F-11D3-BF4B-00C04F79EFBC}") = "DevExpress.Xpf.Themes.BlackAndBlue", "DevExpress.Xpf.Themes.BlackAndBlue.csproj", "{5AC71394-62CF-4B42-ABC4-47BDEB7782DD}"
EndProject
Global
    GlobalSection(SolutionConfigurationPlatforms) = preSolution
        Debug|Any CPU = Debug|Any CPU
		DebugTest|Any CPU = DebugTest|Any CPU
        Release|Any CPU = Release|Any CPU
    EndGlobalSection
    GlobalSection(ProjectConfigurationPlatforms) = postSolution
        {5AC71394-62CF-4B42-ABC4-47BDEB7782DD}.Debug|Any CPU.ActiveCfg = Debug|Any CPU
        {5AC71394-62CF-4B42-ABC4-47BDEB7782DD}.Debug|Any CPU.Build.0 = Debug|Any CPU
		{5AC71394-62CF-4B42-ABC4-47BDEB7782DD}.DebugTest|Any CPU.ActiveCfg = DebugTest|Any CPU
		{5AC71394-62CF-4B42-ABC4-47BDEB7782DD}.DebugTest|Any CPU.Build.0 = DebugTest|Any CPU
        {5AC71394-62CF-4B42-ABC4-47BDEB7782DD}.Release|Any CPU.ActiveCfg = Release|Any CPU
        {5AC71394-62CF-4B42-ABC4-47BDEB7782DD}.Release|Any CPU.Build.0 = Release|Any CPU
    EndGlobalSection
    GlobalSection(SolutionProperties) = preSolution
        HideSolutionNode = FALSE
    EndGlobalSection
EndGlobal
