
Microsoft Visual Studio Solution File, Format Version 12.00
# Visual Studio 14
VisualStudioVersion = 14.0.24720.0
MinimumVisualStudioVersion = 10.0.40219.1
Project("{FAE04EC0-301F-11D3-BF4B-00C04F79EFBC}") = "GeosAPI", "GeosAPI\GeosAPI.csproj", "{740F47AD-3B3A-4483-88B7-9AA5B0D02A4D}"
EndProject
Project("{FAE04EC0-301F-11D3-BF4B-00C04F79EFBC}") = "Entities", "Entities\Entities.csproj", "{94C77F2A-FA27-4278-9011-D15858D64DC6}"
EndProject
Project("{FAE04EC0-301F-11D3-BF4B-00C04F79EFBC}") = "BusinessLogic", "BusinessLogic\BusinessLogic.csproj", "{BFC74A53-8A40-482F-B69F-99727C91496E}"
EndProject
Project("{54435603-DBB4-11D2-8724-00A0C9A8B90C}") = "GeosAPISetup", "GeosAPISetup\GeosAPISetup.vdproj", "{63A70E0C-A429-44A5-AEB3-9EA3C4CE8ABF}"
EndProject
Global
	GlobalSection(SolutionConfigurationPlatforms) = preSolution
		Debug|Any CPU = Debug|Any CPU
		Release|Any CPU = Release|Any CPU
	EndGlobalSection
	GlobalSection(ProjectConfigurationPlatforms) = postSolution
		{740F47AD-3B3A-4483-88B7-9AA5B0D02A4D}.Debug|Any CPU.ActiveCfg = Debug|Any CPU
		{740F47AD-3B3A-4483-88B7-9AA5B0D02A4D}.Debug|Any CPU.Build.0 = Debug|Any CPU
		{740F47AD-3B3A-4483-88B7-9AA5B0D02A4D}.Release|Any CPU.ActiveCfg = Release|Any CPU
		{740F47AD-3B3A-4483-88B7-9AA5B0D02A4D}.Release|Any CPU.Build.0 = Release|Any CPU
		{94C77F2A-FA27-4278-9011-D15858D64DC6}.Debug|Any CPU.ActiveCfg = Debug|Any CPU
		{94C77F2A-FA27-4278-9011-D15858D64DC6}.Debug|Any CPU.Build.0 = Debug|Any CPU
		{94C77F2A-FA27-4278-9011-D15858D64DC6}.Release|Any CPU.ActiveCfg = Release|Any CPU
		{94C77F2A-FA27-4278-9011-D15858D64DC6}.Release|Any CPU.Build.0 = Release|Any CPU
		{BFC74A53-8A40-482F-B69F-99727C91496E}.Debug|Any CPU.ActiveCfg = Debug|Any CPU
		{BFC74A53-8A40-482F-B69F-99727C91496E}.Debug|Any CPU.Build.0 = Debug|Any CPU
		{BFC74A53-8A40-482F-B69F-99727C91496E}.Release|Any CPU.ActiveCfg = Release|Any CPU
		{BFC74A53-8A40-482F-B69F-99727C91496E}.Release|Any CPU.Build.0 = Release|Any CPU
		{63A70E0C-A429-44A5-AEB3-9EA3C4CE8ABF}.Debug|Any CPU.ActiveCfg = Debug
		{63A70E0C-A429-44A5-AEB3-9EA3C4CE8ABF}.Release|Any CPU.ActiveCfg = Release
	EndGlobalSection
	GlobalSection(SolutionProperties) = preSolution
		HideSolutionNode = FALSE
	EndGlobalSection
EndGlobal
