Microsoft Visual Studio Solution File, Format Version 12.00
# Visual Studio 14
VisualStudioVersion = 14.0.25123.0
MinimumVisualStudioVersion = 10.0.40219.1
Project("{FAE04EC0-301F-11D3-BF4B-00C04F79EFBC}") = "DevExpress.Xpf.Themes.WhiteAndBlue", "DevExpress.Xpf.Themes.WhiteAndBlue.csproj", "{B3C1E0EA-D48F-48DE-A048-CF0E312CE2F5}"
EndProject
Global
	GlobalSection(SolutionConfigurationPlatforms) = preSolution
		DebugTest|Any CPU = DebugTest|Any CPU
	EndGlobalSection
	GlobalSection(ProjectConfigurationPlatforms) = postSolution
		{B3C1E0EA-D48F-48DE-A048-CF0E312CE2F5}.DebugTest|Any CPU.ActiveCfg = Debug|Any CPU
		{B3C1E0EA-D48F-48DE-A048-CF0E312CE2F5}.DebugTest|Any CPU.Build.0 = Debug|Any CPU
	EndGlobalSection
	GlobalSection(SolutionProperties) = preSolution
		HideSolutionNode = FALSE
	EndGlobalSection
EndGlobal
