
Microsoft Visual Studio Solution File, Format Version 12.00
# Visual Studio 14
VisualStudioVersion = 14.0.25420.1
MinimumVisualStudioVersion = 10.0.40219.1
Project("{FAE04EC0-301F-11D3-BF4B-00C04F79EFBC}") = "GEOS_Workbench_Outlook_Addin", "GEOS_Workbench_Outlook_Addin\GEOS_Workbench_Outlook_Addin.csproj", "{2FD305BA-B810-421A-BC68-753F11A35F87}"
EndProject
Project("{54435603-DBB4-11D2-8724-00A0C9A8B90C}") = "GEOS_Workbench_Outlook_Addin_Setup1", "GEOS_Workbench_Outlook_Addin_Setup\GEOS_Workbench_Outlook_Addin_Setup.vdproj", "{78530D92-22D1-4353-A0E3-E407671903B2}"
EndProject
Project("{FAE04EC0-301F-11D3-BF4B-00C04F79EFBC}") = "Emdep.Geos.Modules.Crm", "..\..\Repository\Working\GeosWorkBench\Src\Modules\CrmModule\Emdep.Geos.Modules.Crm.csproj", "{2ABB1036-D940-44D3-94EF-390D699D9D87}"
EndProject
Project("{54435603-DBB4-11D2-8724-00A0C9A8B90C}") = "GEOS_Workbench_Outlook_Addin_SetupNew", "GEOS_Workbench_Outlook_Addin_SetupNew\GEOS_Workbench_Outlook_Addin_SetupNew.vdproj", "{6F7677A1-B3AA-4A98-BE1B-6A74311D2FBC}"
EndProject
Project("{FAE04EC0-301F-11D3-BF4B-00C04F79EFBC}") = "Workbench", "..\..\Repository\Working\GeosWorkBench\Src\Workbench\Workbench.csproj", "{A5B2DBAA-54EF-4C2F-9A31-53F7F1D4868E}"
EndProject
Project("{2150E333-8FDC-42A3-9474-1A3956D46DE8}") = ".nuget", ".nuget", "{843E7BA1-9E3C-4F4E-AB42-1D3ADBEB151F}"
	ProjectSection(SolutionItems) = preProject
		..\..\Repository\Working\GeosWorkBench\Src\.nuget\NuGet.Config = ..\..\Repository\Working\GeosWorkBench\Src\.nuget\NuGet.Config
		..\..\Repository\Working\GeosWorkBench\Src\.nuget\NuGet.exe = ..\..\Repository\Working\GeosWorkBench\Src\.nuget\NuGet.exe
		..\..\Repository\Working\GeosWorkBench\Src\.nuget\NuGet.targets = ..\..\Repository\Working\GeosWorkBench\Src\.nuget\NuGet.targets
	EndProjectSection
EndProject
Global
	GlobalSection(SolutionConfigurationPlatforms) = preSolution
		Debug|Any CPU = Debug|Any CPU
		Debug|x64 = Debug|x64
		Release|Any CPU = Release|Any CPU
		Release|x64 = Release|x64
	EndGlobalSection
	GlobalSection(ProjectConfigurationPlatforms) = postSolution
		{2FD305BA-B810-421A-BC68-753F11A35F87}.Debug|Any CPU.ActiveCfg = Debug|Any CPU
		{2FD305BA-B810-421A-BC68-753F11A35F87}.Debug|Any CPU.Build.0 = Debug|Any CPU
		{2FD305BA-B810-421A-BC68-753F11A35F87}.Debug|x64.ActiveCfg = Debug|Any CPU
		{2FD305BA-B810-421A-BC68-753F11A35F87}.Debug|x64.Build.0 = Debug|Any CPU
		{2FD305BA-B810-421A-BC68-753F11A35F87}.Release|Any CPU.ActiveCfg = Release|Any CPU
		{2FD305BA-B810-421A-BC68-753F11A35F87}.Release|Any CPU.Build.0 = Release|Any CPU
		{2FD305BA-B810-421A-BC68-753F11A35F87}.Release|x64.ActiveCfg = Release|Any CPU
		{2FD305BA-B810-421A-BC68-753F11A35F87}.Release|x64.Build.0 = Release|Any CPU
		{78530D92-22D1-4353-A0E3-E407671903B2}.Debug|Any CPU.ActiveCfg = Debug
		{78530D92-22D1-4353-A0E3-E407671903B2}.Debug|x64.ActiveCfg = Debug
		{78530D92-22D1-4353-A0E3-E407671903B2}.Debug|x64.Build.0 = Debug
		{78530D92-22D1-4353-A0E3-E407671903B2}.Release|Any CPU.ActiveCfg = Release
		{78530D92-22D1-4353-A0E3-E407671903B2}.Release|x64.ActiveCfg = Release
		{78530D92-22D1-4353-A0E3-E407671903B2}.Release|x64.Build.0 = Release
		{2ABB1036-D940-44D3-94EF-390D699D9D87}.Debug|Any CPU.ActiveCfg = Debug|Any CPU
		{2ABB1036-D940-44D3-94EF-390D699D9D87}.Debug|Any CPU.Build.0 = Debug|Any CPU
		{2ABB1036-D940-44D3-94EF-390D699D9D87}.Debug|x64.ActiveCfg = Debug|x64
		{2ABB1036-D940-44D3-94EF-390D699D9D87}.Debug|x64.Build.0 = Debug|x64
		{2ABB1036-D940-44D3-94EF-390D699D9D87}.Release|Any CPU.ActiveCfg = Release|Any CPU
		{2ABB1036-D940-44D3-94EF-390D699D9D87}.Release|Any CPU.Build.0 = Release|Any CPU
		{2ABB1036-D940-44D3-94EF-390D699D9D87}.Release|x64.ActiveCfg = Release|x64
		{2ABB1036-D940-44D3-94EF-390D699D9D87}.Release|x64.Build.0 = Release|x64
		{6F7677A1-B3AA-4A98-BE1B-6A74311D2FBC}.Debug|Any CPU.ActiveCfg = Debug
		{6F7677A1-B3AA-4A98-BE1B-6A74311D2FBC}.Debug|x64.ActiveCfg = Debug
		{6F7677A1-B3AA-4A98-BE1B-6A74311D2FBC}.Release|Any CPU.ActiveCfg = Release
		{6F7677A1-B3AA-4A98-BE1B-6A74311D2FBC}.Release|x64.ActiveCfg = Release
		{A5B2DBAA-54EF-4C2F-9A31-53F7F1D4868E}.Debug|Any CPU.ActiveCfg = Debug|Any CPU
		{A5B2DBAA-54EF-4C2F-9A31-53F7F1D4868E}.Debug|Any CPU.Build.0 = Debug|Any CPU
		{A5B2DBAA-54EF-4C2F-9A31-53F7F1D4868E}.Debug|x64.ActiveCfg = Debug|x64
		{A5B2DBAA-54EF-4C2F-9A31-53F7F1D4868E}.Debug|x64.Build.0 = Debug|x64
		{A5B2DBAA-54EF-4C2F-9A31-53F7F1D4868E}.Release|Any CPU.ActiveCfg = Release|Any CPU
		{A5B2DBAA-54EF-4C2F-9A31-53F7F1D4868E}.Release|Any CPU.Build.0 = Release|Any CPU
		{A5B2DBAA-54EF-4C2F-9A31-53F7F1D4868E}.Release|x64.ActiveCfg = Release|x64
		{A5B2DBAA-54EF-4C2F-9A31-53F7F1D4868E}.Release|x64.Build.0 = Release|x64
	EndGlobalSection
	GlobalSection(SolutionProperties) = preSolution
		HideSolutionNode = FALSE
	EndGlobalSection
EndGlobal
